
Microsoft Visual Studio Solution File, Format Version 12.00
# Visual Studio Version 17
VisualStudioVersion = 17.1.32319.34
MinimumVisualStudioVersion = 10.0.40219.1
Project("{FAE04EC0-301F-11D3-BF4B-00C04F79EFBC}") = "Task7", "Task7\Task7.csproj", "{6973AD9B-1408-4A8F-8C3B-486AD9ED27DD}"
EndProject
Project("{9A19103F-16F7-4668-BE54-9A1E7A4F7556}") = "ArrayMaster", "..\..\UsefulFutires\ArrayMaster\ArrayMaster.csproj", "{0C6A1479-C14B-461C-91A5-BC7AB24BDD47}"
EndProject
Project("{9A19103F-16F7-4668-BE54-9A1E7A4F7556}") = "FillArrayRandom", "..\..\UsefulFutires\FillArrayRandom\FillArrayRandom\FillArrayRandom.csproj", "{C113DFD8-963E-4D88-B637-4514304ED06C}"
EndProject
Global
	GlobalSection(SolutionConfigurationPlatforms) = preSolution
		Debug|Any CPU = Debug|Any CPU
		Release|Any CPU = Release|Any CPU
	EndGlobalSection
	GlobalSection(ProjectConfigurationPlatforms) = postSolution
		{6973AD9B-1408-4A8F-8C3B-486AD9ED27DD}.Debug|Any CPU.ActiveCfg = Debug|Any CPU
		{6973AD9B-1408-4A8F-8C3B-486AD9ED27DD}.Debug|Any CPU.Build.0 = Debug|Any CPU
		{6973AD9B-1408-4A8F-8C3B-486AD9ED27DD}.Release|Any CPU.ActiveCfg = Release|Any CPU
		{6973AD9B-1408-4A8F-8C3B-486AD9ED27DD}.Release|Any CPU.Build.0 = Release|Any CPU
		{0C6A1479-C14B-461C-91A5-BC7AB24BDD47}.Debug|Any CPU.ActiveCfg = Debug|Any CPU
		{0C6A1479-C14B-461C-91A5-BC7AB24BDD47}.Debug|Any CPU.Build.0 = Debug|Any CPU
		{0C6A1479-C14B-461C-91A5-BC7AB24BDD47}.Release|Any CPU.ActiveCfg = Release|Any CPU
		{0C6A1479-C14B-461C-91A5-BC7AB24BDD47}.Release|Any CPU.Build.0 = Release|Any CPU
		{C113DFD8-963E-4D88-B637-4514304ED06C}.Debug|Any CPU.ActiveCfg = Debug|Any CPU
		{C113DFD8-963E-4D88-B637-4514304ED06C}.Debug|Any CPU.Build.0 = Debug|Any CPU
		{C113DFD8-963E-4D88-B637-4514304ED06C}.Release|Any CPU.ActiveCfg = Release|Any CPU
		{C113DFD8-963E-4D88-B637-4514304ED06C}.Release|Any CPU.Build.0 = Release|Any CPU
	EndGlobalSection
	GlobalSection(SolutionProperties) = preSolution
		HideSolutionNode = FALSE
	EndGlobalSection
	GlobalSection(ExtensibilityGlobals) = postSolution
		SolutionGuid = {4C6775DE-A875-4663-AEB5-C035999FF1D8}
	EndGlobalSection
EndGlobal
