
Microsoft Visual Studio Solution File, Format Version 12.00
# Visual Studio Version 17
VisualStudioVersion = 17.1.32210.238
MinimumVisualStudioVersion = 10.0.40219.1
Project("{FAE04EC0-301F-11D3-BF4B-00C04F79EFBC}") = "Fibonacci", "Fibonacci\Fibonacci.csproj", "{1D6A0F04-9A2B-495F-A8AC-8311E519061F}"
EndProject
Global
	GlobalSection(SolutionConfigurationPlatforms) = preSolution
		Debug|Any CPU = Debug|Any CPU
		Release|Any CPU = Release|Any CPU
	EndGlobalSection
	GlobalSection(ProjectConfigurationPlatforms) = postSolution
		{1D6A0F04-9A2B-495F-A8AC-8311E519061F}.Debug|Any CPU.ActiveCfg = Debug|Any CPU
		{1D6A0F04-9A2B-495F-A8AC-8311E519061F}.Debug|Any CPU.Build.0 = Debug|Any CPU
		{1D6A0F04-9A2B-495F-A8AC-8311E519061F}.Release|Any CPU.ActiveCfg = Release|Any CPU
		{1D6A0F04-9A2B-495F-A8AC-8311E519061F}.Release|Any CPU.Build.0 = Release|Any CPU
	EndGlobalSection
	GlobalSection(SolutionProperties) = preSolution
		HideSolutionNode = FALSE
	EndGlobalSection
	GlobalSection(ExtensibilityGlobals) = postSolution
		SolutionGuid = {2ACF0AB8-0914-4C7E-89D7-DDEE2CC9E30E}
	EndGlobalSection
EndGlobal
