
Microsoft Visual Studio Solution File, Format Version 12.00
# Visual Studio Version 17
VisualStudioVersion = 17.1.32319.34
MinimumVisualStudioVersion = 10.0.40219.1
Project("{FAE04EC0-301F-11D3-BF4B-00C04F79EFBC}") = "Task6", "Task6\Task6.csproj", "{BF153010-7843-45EB-B627-C53DC68E7B1A}"
EndProject
Project("{9A19103F-16F7-4668-BE54-9A1E7A4F7556}") = "FillArrayRandom", "..\..\UsefulFutires\FillArrayRandom\FillArrayRandom\FillArrayRandom.csproj", "{57D00AF7-0B9A-486C-AE9C-1D2A62CB1ADE}"
EndProject
Project("{9A19103F-16F7-4668-BE54-9A1E7A4F7556}") = "ArrayMaster", "..\..\UsefulFutires\ArrayMaster\ArrayMaster.csproj", "{15F78EA3-FD24-4547-AEA0-BEF0DB6D845D}"
EndProject
Global
	GlobalSection(SolutionConfigurationPlatforms) = preSolution
		Debug|Any CPU = Debug|Any CPU
		Release|Any CPU = Release|Any CPU
	EndGlobalSection
	GlobalSection(ProjectConfigurationPlatforms) = postSolution
		{BF153010-7843-45EB-B627-C53DC68E7B1A}.Debug|Any CPU.ActiveCfg = Debug|Any CPU
		{BF153010-7843-45EB-B627-C53DC68E7B1A}.Debug|Any CPU.Build.0 = Debug|Any CPU
		{BF153010-7843-45EB-B627-C53DC68E7B1A}.Release|Any CPU.ActiveCfg = Release|Any CPU
		{BF153010-7843-45EB-B627-C53DC68E7B1A}.Release|Any CPU.Build.0 = Release|Any CPU
		{57D00AF7-0B9A-486C-AE9C-1D2A62CB1ADE}.Debug|Any CPU.ActiveCfg = Debug|Any CPU
		{57D00AF7-0B9A-486C-AE9C-1D2A62CB1ADE}.Debug|Any CPU.Build.0 = Debug|Any CPU
		{57D00AF7-0B9A-486C-AE9C-1D2A62CB1ADE}.Release|Any CPU.ActiveCfg = Release|Any CPU
		{57D00AF7-0B9A-486C-AE9C-1D2A62CB1ADE}.Release|Any CPU.Build.0 = Release|Any CPU
		{15F78EA3-FD24-4547-AEA0-BEF0DB6D845D}.Debug|Any CPU.ActiveCfg = Debug|Any CPU
		{15F78EA3-FD24-4547-AEA0-BEF0DB6D845D}.Debug|Any CPU.Build.0 = Debug|Any CPU
		{15F78EA3-FD24-4547-AEA0-BEF0DB6D845D}.Release|Any CPU.ActiveCfg = Release|Any CPU
		{15F78EA3-FD24-4547-AEA0-BEF0DB6D845D}.Release|Any CPU.Build.0 = Release|Any CPU
	EndGlobalSection
	GlobalSection(SolutionProperties) = preSolution
		HideSolutionNode = FALSE
	EndGlobalSection
	GlobalSection(ExtensibilityGlobals) = postSolution
		SolutionGuid = {01030336-8B8E-44E3-B7EB-644AB9DFBD57}
	EndGlobalSection
EndGlobal
