
Microsoft Visual Studio Solution File, Format Version 12.00
# Visual Studio Version 17
VisualStudioVersion = 17.1.32228.430
MinimumVisualStudioVersion = 10.0.40219.1
Project("{FAE04EC0-301F-11D3-BF4B-00C04F79EFBC}") = "Task8", "Task8\Task8.csproj", "{6283A1C2-FC24-4070-AA5D-5CA6F1079FD7}"
EndProject
Project("{9A19103F-16F7-4668-BE54-9A1E7A4F7556}") = "PrintArray2D", "..\..\UsefulFutires\PrintArray2D\ClassLibrary1\PrintArray2D.csproj", "{6DE3E8DE-4060-4481-9A71-48D2E62AC94F}"
EndProject
Project("{9A19103F-16F7-4668-BE54-9A1E7A4F7556}") = "IsNumber", "..\..\UsefulFutires\IsNumber\IsNumber.csproj", "{774AE6B2-DC86-4C62-8AF1-980097C027F7}"
EndProject
Project("{FAE04EC0-301F-11D3-BF4B-00C04F79EFBC}") = "FillArraySpiral", "..\..\UsefulFutires\FillArraySpiral\FillArraySpiral.csproj", "{7B15F082-9CD8-4FB6-9406-B9094F3C9B55}"
EndProject
Global
	GlobalSection(SolutionConfigurationPlatforms) = preSolution
		Debug|Any CPU = Debug|Any CPU
		Release|Any CPU = Release|Any CPU
	EndGlobalSection
	GlobalSection(ProjectConfigurationPlatforms) = postSolution
		{6283A1C2-FC24-4070-AA5D-5CA6F1079FD7}.Debug|Any CPU.ActiveCfg = Debug|Any CPU
		{6283A1C2-FC24-4070-AA5D-5CA6F1079FD7}.Debug|Any CPU.Build.0 = Debug|Any CPU
		{6283A1C2-FC24-4070-AA5D-5CA6F1079FD7}.Release|Any CPU.ActiveCfg = Release|Any CPU
		{6283A1C2-FC24-4070-AA5D-5CA6F1079FD7}.Release|Any CPU.Build.0 = Release|Any CPU
		{6DE3E8DE-4060-4481-9A71-48D2E62AC94F}.Debug|Any CPU.ActiveCfg = Debug|Any CPU
		{6DE3E8DE-4060-4481-9A71-48D2E62AC94F}.Debug|Any CPU.Build.0 = Debug|Any CPU
		{6DE3E8DE-4060-4481-9A71-48D2E62AC94F}.Release|Any CPU.ActiveCfg = Release|Any CPU
		{6DE3E8DE-4060-4481-9A71-48D2E62AC94F}.Release|Any CPU.Build.0 = Release|Any CPU
		{774AE6B2-DC86-4C62-8AF1-980097C027F7}.Debug|Any CPU.ActiveCfg = Debug|Any CPU
		{774AE6B2-DC86-4C62-8AF1-980097C027F7}.Debug|Any CPU.Build.0 = Debug|Any CPU
		{774AE6B2-DC86-4C62-8AF1-980097C027F7}.Release|Any CPU.ActiveCfg = Release|Any CPU
		{774AE6B2-DC86-4C62-8AF1-980097C027F7}.Release|Any CPU.Build.0 = Release|Any CPU
		{7B15F082-9CD8-4FB6-9406-B9094F3C9B55}.Debug|Any CPU.ActiveCfg = Debug|Any CPU
		{7B15F082-9CD8-4FB6-9406-B9094F3C9B55}.Debug|Any CPU.Build.0 = Debug|Any CPU
		{7B15F082-9CD8-4FB6-9406-B9094F3C9B55}.Release|Any CPU.ActiveCfg = Release|Any CPU
		{7B15F082-9CD8-4FB6-9406-B9094F3C9B55}.Release|Any CPU.Build.0 = Release|Any CPU
	EndGlobalSection
	GlobalSection(SolutionProperties) = preSolution
		HideSolutionNode = FALSE
	EndGlobalSection
	GlobalSection(ExtensibilityGlobals) = postSolution
		SolutionGuid = {67436444-09C9-44C9-A2EF-3E833CB10ED0}
	EndGlobalSection
EndGlobal
