
Microsoft Visual Studio Solution File, Format Version 12.00
# Visual Studio Version 17
VisualStudioVersion = 17.1.32228.430
MinimumVisualStudioVersion = 10.0.40219.1
Project("{FAE04EC0-301F-11D3-BF4B-00C04F79EFBC}") = "Task1", "Task1\Task1.csproj", "{12AE4CF6-EE23-4830-8295-B65BB522894A}"
EndProject
Project("{9A19103F-16F7-4668-BE54-9A1E7A4F7556}") = "IsNumber", "..\..\UsefulFutires\IsNumber\IsNumber.csproj", "{56940483-1E1F-4D44-9721-8F9496DCE709}"
EndProject
Global
	GlobalSection(SolutionConfigurationPlatforms) = preSolution
		Debug|Any CPU = Debug|Any CPU
		Release|Any CPU = Release|Any CPU
	EndGlobalSection
	GlobalSection(ProjectConfigurationPlatforms) = postSolution
		{12AE4CF6-EE23-4830-8295-B65BB522894A}.Debug|Any CPU.ActiveCfg = Debug|Any CPU
		{12AE4CF6-EE23-4830-8295-B65BB522894A}.Debug|Any CPU.Build.0 = Debug|Any CPU
		{12AE4CF6-EE23-4830-8295-B65BB522894A}.Release|Any CPU.ActiveCfg = Release|Any CPU
		{12AE4CF6-EE23-4830-8295-B65BB522894A}.Release|Any CPU.Build.0 = Release|Any CPU
		{56940483-1E1F-4D44-9721-8F9496DCE709}.Debug|Any CPU.ActiveCfg = Debug|Any CPU
		{56940483-1E1F-4D44-9721-8F9496DCE709}.Debug|Any CPU.Build.0 = Debug|Any CPU
		{56940483-1E1F-4D44-9721-8F9496DCE709}.Release|Any CPU.ActiveCfg = Release|Any CPU
		{56940483-1E1F-4D44-9721-8F9496DCE709}.Release|Any CPU.Build.0 = Release|Any CPU
	EndGlobalSection
	GlobalSection(SolutionProperties) = preSolution
		HideSolutionNode = FALSE
	EndGlobalSection
	GlobalSection(ExtensibilityGlobals) = postSolution
		SolutionGuid = {DF8367E1-AADD-499F-92FA-7CD64B4CF6DC}
	EndGlobalSection
EndGlobal
