
Microsoft Visual Studio Solution File, Format Version 12.00
# Visual Studio Version 17
VisualStudioVersion = 17.1.32210.238
MinimumVisualStudioVersion = 10.0.40219.1
Project("{FAE04EC0-301F-11D3-BF4B-00C04F79EFBC}") = "Task5", "Task5\Task5.csproj", "{FC5462B2-F553-4EE5-809A-B7D6EF70D5EB}"
EndProject
Global
	GlobalSection(SolutionConfigurationPlatforms) = preSolution
		Debug|Any CPU = Debug|Any CPU
		Release|Any CPU = Release|Any CPU
	EndGlobalSection
	GlobalSection(ProjectConfigurationPlatforms) = postSolution
		{FC5462B2-F553-4EE5-809A-B7D6EF70D5EB}.Debug|Any CPU.ActiveCfg = Debug|Any CPU
		{FC5462B2-F553-4EE5-809A-B7D6EF70D5EB}.Debug|Any CPU.Build.0 = Debug|Any CPU
		{FC5462B2-F553-4EE5-809A-B7D6EF70D5EB}.Release|Any CPU.ActiveCfg = Release|Any CPU
		{FC5462B2-F553-4EE5-809A-B7D6EF70D5EB}.Release|Any CPU.Build.0 = Release|Any CPU
	EndGlobalSection
	GlobalSection(SolutionProperties) = preSolution
		HideSolutionNode = FALSE
	EndGlobalSection
	GlobalSection(ExtensibilityGlobals) = postSolution
		SolutionGuid = {527DE985-4B00-4FD6-8F51-EF05F7226C4A}
	EndGlobalSection
EndGlobal
