
Microsoft Visual Studio Solution File, Format Version 12.00
# Visual Studio Version 17
VisualStudioVersion = 17.1.32319.34
MinimumVisualStudioVersion = 10.0.40219.1
Project("{FAE04EC0-301F-11D3-BF4B-00C04F79EFBC}") = "Task2", "Task2\Task2.csproj", "{4C6E277D-56ED-4B0B-BD75-6B59172AB28D}"
EndProject
Project("{9A19103F-16F7-4668-BE54-9A1E7A4F7556}") = "FillArrayRandom", "..\..\UsefulFutires\FillArrayRandom\FillArrayRandom\FillArrayRandom.csproj", "{3DC607FD-ABE8-4079-B350-7D70600C5B98}"
EndProject
Project("{9A19103F-16F7-4668-BE54-9A1E7A4F7556}") = "ArrayMaster", "..\..\UsefulFutires\ArrayMaster\ArrayMaster.csproj", "{9DAFD3E4-BE71-49B2-8701-3692C749C8CF}"
EndProject
Global
	GlobalSection(SolutionConfigurationPlatforms) = preSolution
		Debug|Any CPU = Debug|Any CPU
		Release|Any CPU = Release|Any CPU
	EndGlobalSection
	GlobalSection(ProjectConfigurationPlatforms) = postSolution
		{4C6E277D-56ED-4B0B-BD75-6B59172AB28D}.Debug|Any CPU.ActiveCfg = Debug|Any CPU
		{4C6E277D-56ED-4B0B-BD75-6B59172AB28D}.Debug|Any CPU.Build.0 = Debug|Any CPU
		{4C6E277D-56ED-4B0B-BD75-6B59172AB28D}.Release|Any CPU.ActiveCfg = Release|Any CPU
		{4C6E277D-56ED-4B0B-BD75-6B59172AB28D}.Release|Any CPU.Build.0 = Release|Any CPU
		{3DC607FD-ABE8-4079-B350-7D70600C5B98}.Debug|Any CPU.ActiveCfg = Debug|Any CPU
		{3DC607FD-ABE8-4079-B350-7D70600C5B98}.Debug|Any CPU.Build.0 = Debug|Any CPU
		{3DC607FD-ABE8-4079-B350-7D70600C5B98}.Release|Any CPU.ActiveCfg = Release|Any CPU
		{3DC607FD-ABE8-4079-B350-7D70600C5B98}.Release|Any CPU.Build.0 = Release|Any CPU
		{9DAFD3E4-BE71-49B2-8701-3692C749C8CF}.Debug|Any CPU.ActiveCfg = Debug|Any CPU
		{9DAFD3E4-BE71-49B2-8701-3692C749C8CF}.Debug|Any CPU.Build.0 = Debug|Any CPU
		{9DAFD3E4-BE71-49B2-8701-3692C749C8CF}.Release|Any CPU.ActiveCfg = Release|Any CPU
		{9DAFD3E4-BE71-49B2-8701-3692C749C8CF}.Release|Any CPU.Build.0 = Release|Any CPU
	EndGlobalSection
	GlobalSection(SolutionProperties) = preSolution
		HideSolutionNode = FALSE
	EndGlobalSection
	GlobalSection(ExtensibilityGlobals) = postSolution
		SolutionGuid = {325946C8-89D7-449D-9907-07347A9793F4}
	EndGlobalSection
EndGlobal
