
Microsoft Visual Studio Solution File, Format Version 12.00
# Visual Studio Version 17
VisualStudioVersion = 17.1.32228.430
MinimumVisualStudioVersion = 10.0.40219.1
Project("{9A19103F-16F7-4668-BE54-9A1E7A4F7556}") = "Task5", "Task5\Task5.csproj", "{DF8EB91C-351A-471B-8EA1-609206504D89}"
EndProject
Project("{9A19103F-16F7-4668-BE54-9A1E7A4F7556}") = "IsNumber", "..\..\UsefulFutires\IsNumber\IsNumber.csproj", "{8D30BD4F-1AF4-41ED-AB10-DC94084AEEEB}"
EndProject
Project("{9A19103F-16F7-4668-BE54-9A1E7A4F7556}") = "FillArrayRandom", "..\..\UsefulFutires\FillArrayRandom\FillArrayRandom\FillArrayRandom.csproj", "{34BF72D1-0751-4EE8-B12D-B067C5B85978}"
EndProject
Project("{9A19103F-16F7-4668-BE54-9A1E7A4F7556}") = "PrintArray2D", "..\..\UsefulFutires\PrintArray2D\ClassLibrary1\PrintArray2D.csproj", "{17F3B7A7-B130-4AE9-87AE-5B08C663375D}"
EndProject
Project("{9A19103F-16F7-4668-BE54-9A1E7A4F7556}") = "SortMinMax", "..\..\UsefulFutires\SortMinMax\SortMinMax.csproj", "{FE26C4A3-FFC1-4185-847B-48044512A495}"
EndProject
Global
	GlobalSection(SolutionConfigurationPlatforms) = preSolution
		Debug|Any CPU = Debug|Any CPU
		Release|Any CPU = Release|Any CPU
	EndGlobalSection
	GlobalSection(ProjectConfigurationPlatforms) = postSolution
		{DF8EB91C-351A-471B-8EA1-609206504D89}.Debug|Any CPU.ActiveCfg = Debug|Any CPU
		{DF8EB91C-351A-471B-8EA1-609206504D89}.Debug|Any CPU.Build.0 = Debug|Any CPU
		{DF8EB91C-351A-471B-8EA1-609206504D89}.Release|Any CPU.ActiveCfg = Release|Any CPU
		{DF8EB91C-351A-471B-8EA1-609206504D89}.Release|Any CPU.Build.0 = Release|Any CPU
		{8D30BD4F-1AF4-41ED-AB10-DC94084AEEEB}.Debug|Any CPU.ActiveCfg = Debug|Any CPU
		{8D30BD4F-1AF4-41ED-AB10-DC94084AEEEB}.Debug|Any CPU.Build.0 = Debug|Any CPU
		{8D30BD4F-1AF4-41ED-AB10-DC94084AEEEB}.Release|Any CPU.ActiveCfg = Release|Any CPU
		{8D30BD4F-1AF4-41ED-AB10-DC94084AEEEB}.Release|Any CPU.Build.0 = Release|Any CPU
		{34BF72D1-0751-4EE8-B12D-B067C5B85978}.Debug|Any CPU.ActiveCfg = Debug|Any CPU
		{34BF72D1-0751-4EE8-B12D-B067C5B85978}.Debug|Any CPU.Build.0 = Debug|Any CPU
		{34BF72D1-0751-4EE8-B12D-B067C5B85978}.Release|Any CPU.ActiveCfg = Release|Any CPU
		{34BF72D1-0751-4EE8-B12D-B067C5B85978}.Release|Any CPU.Build.0 = Release|Any CPU
		{17F3B7A7-B130-4AE9-87AE-5B08C663375D}.Debug|Any CPU.ActiveCfg = Debug|Any CPU
		{17F3B7A7-B130-4AE9-87AE-5B08C663375D}.Debug|Any CPU.Build.0 = Debug|Any CPU
		{17F3B7A7-B130-4AE9-87AE-5B08C663375D}.Release|Any CPU.ActiveCfg = Release|Any CPU
		{17F3B7A7-B130-4AE9-87AE-5B08C663375D}.Release|Any CPU.Build.0 = Release|Any CPU
		{FE26C4A3-FFC1-4185-847B-48044512A495}.Debug|Any CPU.ActiveCfg = Debug|Any CPU
		{FE26C4A3-FFC1-4185-847B-48044512A495}.Debug|Any CPU.Build.0 = Debug|Any CPU
		{FE26C4A3-FFC1-4185-847B-48044512A495}.Release|Any CPU.ActiveCfg = Release|Any CPU
		{FE26C4A3-FFC1-4185-847B-48044512A495}.Release|Any CPU.Build.0 = Release|Any CPU
	EndGlobalSection
	GlobalSection(SolutionProperties) = preSolution
		HideSolutionNode = FALSE
	EndGlobalSection
	GlobalSection(ExtensibilityGlobals) = postSolution
		SolutionGuid = {FEBFA9F0-711D-4A69-A112-1D910BD318FD}
	EndGlobalSection
EndGlobal
