
Microsoft Visual Studio Solution File, Format Version 12.00
# Visual Studio Version 17
VisualStudioVersion = 17.1.32228.430
MinimumVisualStudioVersion = 10.0.40219.1
Project("{FAE04EC0-301F-11D3-BF4B-00C04F79EFBC}") = "Task2", "Task2\Task2.csproj", "{3A99E1E9-B046-4559-B212-2C4587E13507}"
EndProject
Project("{9A19103F-16F7-4668-BE54-9A1E7A4F7556}") = "FillArrayRandom", "..\..\UsefulFutires\FillArrayRandom\FillArrayRandom\FillArrayRandom.csproj", "{596AA064-BBD9-477C-B6EA-38E330042EBB}"
EndProject
Project("{9A19103F-16F7-4668-BE54-9A1E7A4F7556}") = "PrintArray2D", "..\..\UsefulFutires\PrintArray2D\ClassLibrary1\PrintArray2D.csproj", "{2816D6AA-6EA7-4E63-A756-F6E667D9AF87}"
EndProject
Project("{9A19103F-16F7-4668-BE54-9A1E7A4F7556}") = "IsNumber", "..\..\UsefulFutires\IsNumber\IsNumber.csproj", "{BFADB9B7-CFFF-477C-8B23-FDE1BC73C78B}"
EndProject
Global
	GlobalSection(SolutionConfigurationPlatforms) = preSolution
		Debug|Any CPU = Debug|Any CPU
		Release|Any CPU = Release|Any CPU
	EndGlobalSection
	GlobalSection(ProjectConfigurationPlatforms) = postSolution
		{3A99E1E9-B046-4559-B212-2C4587E13507}.Debug|Any CPU.ActiveCfg = Debug|Any CPU
		{3A99E1E9-B046-4559-B212-2C4587E13507}.Debug|Any CPU.Build.0 = Debug|Any CPU
		{3A99E1E9-B046-4559-B212-2C4587E13507}.Release|Any CPU.ActiveCfg = Release|Any CPU
		{3A99E1E9-B046-4559-B212-2C4587E13507}.Release|Any CPU.Build.0 = Release|Any CPU
		{596AA064-BBD9-477C-B6EA-38E330042EBB}.Debug|Any CPU.ActiveCfg = Debug|Any CPU
		{596AA064-BBD9-477C-B6EA-38E330042EBB}.Debug|Any CPU.Build.0 = Debug|Any CPU
		{596AA064-BBD9-477C-B6EA-38E330042EBB}.Release|Any CPU.ActiveCfg = Release|Any CPU
		{596AA064-BBD9-477C-B6EA-38E330042EBB}.Release|Any CPU.Build.0 = Release|Any CPU
		{2816D6AA-6EA7-4E63-A756-F6E667D9AF87}.Debug|Any CPU.ActiveCfg = Debug|Any CPU
		{2816D6AA-6EA7-4E63-A756-F6E667D9AF87}.Debug|Any CPU.Build.0 = Debug|Any CPU
		{2816D6AA-6EA7-4E63-A756-F6E667D9AF87}.Release|Any CPU.ActiveCfg = Release|Any CPU
		{2816D6AA-6EA7-4E63-A756-F6E667D9AF87}.Release|Any CPU.Build.0 = Release|Any CPU
		{BFADB9B7-CFFF-477C-8B23-FDE1BC73C78B}.Debug|Any CPU.ActiveCfg = Debug|Any CPU
		{BFADB9B7-CFFF-477C-8B23-FDE1BC73C78B}.Debug|Any CPU.Build.0 = Debug|Any CPU
		{BFADB9B7-CFFF-477C-8B23-FDE1BC73C78B}.Release|Any CPU.ActiveCfg = Release|Any CPU
		{BFADB9B7-CFFF-477C-8B23-FDE1BC73C78B}.Release|Any CPU.Build.0 = Release|Any CPU
	EndGlobalSection
	GlobalSection(SolutionProperties) = preSolution
		HideSolutionNode = FALSE
	EndGlobalSection
	GlobalSection(ExtensibilityGlobals) = postSolution
		SolutionGuid = {3532A8F4-0F92-46A2-AA24-2BF98F2B2ACA}
	EndGlobalSection
EndGlobal
