
Microsoft Visual Studio Solution File, Format Version 12.00
# Visual Studio Version 17
VisualStudioVersion = 17.1.32319.34
MinimumVisualStudioVersion = 10.0.40219.1
Project("{FAE04EC0-301F-11D3-BF4B-00C04F79EFBC}") = "Task8", "Task8\Task8.csproj", "{5255ABC1-9D89-4A26-9489-89A4241B2C1B}"
EndProject
Project("{9A19103F-16F7-4668-BE54-9A1E7A4F7556}") = "FillArrayRandom", "..\..\..\New folder\HomeWorks\UsefulFutires\FillArrayRandom\FillArrayRandom\FillArrayRandom.csproj", "{F26C922E-0F70-4934-BF99-E01589AEBD74}"
EndProject
Project("{9A19103F-16F7-4668-BE54-9A1E7A4F7556}") = "ArrayMaster", "..\..\..\New folder\HomeWorks\UsefulFutires\ArrayMaster\ArrayMaster.csproj", "{F0B33350-A47B-4873-AB77-297BAE2A1344}"
EndProject
Global
	GlobalSection(SolutionConfigurationPlatforms) = preSolution
		Debug|Any CPU = Debug|Any CPU
		Release|Any CPU = Release|Any CPU
	EndGlobalSection
	GlobalSection(ProjectConfigurationPlatforms) = postSolution
		{5255ABC1-9D89-4A26-9489-89A4241B2C1B}.Debug|Any CPU.ActiveCfg = Debug|Any CPU
		{5255ABC1-9D89-4A26-9489-89A4241B2C1B}.Debug|Any CPU.Build.0 = Debug|Any CPU
		{5255ABC1-9D89-4A26-9489-89A4241B2C1B}.Release|Any CPU.ActiveCfg = Release|Any CPU
		{5255ABC1-9D89-4A26-9489-89A4241B2C1B}.Release|Any CPU.Build.0 = Release|Any CPU
		{F26C922E-0F70-4934-BF99-E01589AEBD74}.Debug|Any CPU.ActiveCfg = Debug|Any CPU
		{F26C922E-0F70-4934-BF99-E01589AEBD74}.Debug|Any CPU.Build.0 = Debug|Any CPU
		{F26C922E-0F70-4934-BF99-E01589AEBD74}.Release|Any CPU.ActiveCfg = Release|Any CPU
		{F26C922E-0F70-4934-BF99-E01589AEBD74}.Release|Any CPU.Build.0 = Release|Any CPU
		{F0B33350-A47B-4873-AB77-297BAE2A1344}.Debug|Any CPU.ActiveCfg = Debug|Any CPU
		{F0B33350-A47B-4873-AB77-297BAE2A1344}.Debug|Any CPU.Build.0 = Debug|Any CPU
		{F0B33350-A47B-4873-AB77-297BAE2A1344}.Release|Any CPU.ActiveCfg = Release|Any CPU
		{F0B33350-A47B-4873-AB77-297BAE2A1344}.Release|Any CPU.Build.0 = Release|Any CPU
	EndGlobalSection
	GlobalSection(SolutionProperties) = preSolution
		HideSolutionNode = FALSE
	EndGlobalSection
	GlobalSection(ExtensibilityGlobals) = postSolution
		SolutionGuid = {D1D29F27-D1C9-4227-9A26-2924A259D6F0}
	EndGlobalSection
EndGlobal
