
Microsoft Visual Studio Solution File, Format Version 12.00
# Visual Studio Version 17
VisualStudioVersion = 17.1.32228.430
MinimumVisualStudioVersion = 10.0.40219.1
Project("{FAE04EC0-301F-11D3-BF4B-00C04F79EFBC}") = "Task8", "Task8\Task8.csproj", "{1A63E8B5-95BB-455B-B6C8-786417F872FC}"
EndProject
Project("{9A19103F-16F7-4668-BE54-9A1E7A4F7556}") = "FillArrayRandom", "..\..\UsefulFutires\FillArrayRandom\FillArrayRandom\FillArrayRandom.csproj", "{CFE51F02-F8D8-4318-BCE1-0A7D1468E674}"
EndProject
Project("{9A19103F-16F7-4668-BE54-9A1E7A4F7556}") = "PrintArray2D", "..\..\UsefulFutires\PrintArray2D\ClassLibrary1\PrintArray2D.csproj", "{DCD7FC16-45D7-4D41-8224-A7CDAFDF5827}"
EndProject
Global
	GlobalSection(SolutionConfigurationPlatforms) = preSolution
		Debug|Any CPU = Debug|Any CPU
		Release|Any CPU = Release|Any CPU
	EndGlobalSection
	GlobalSection(ProjectConfigurationPlatforms) = postSolution
		{1A63E8B5-95BB-455B-B6C8-786417F872FC}.Debug|Any CPU.ActiveCfg = Debug|Any CPU
		{1A63E8B5-95BB-455B-B6C8-786417F872FC}.Debug|Any CPU.Build.0 = Debug|Any CPU
		{1A63E8B5-95BB-455B-B6C8-786417F872FC}.Release|Any CPU.ActiveCfg = Release|Any CPU
		{1A63E8B5-95BB-455B-B6C8-786417F872FC}.Release|Any CPU.Build.0 = Release|Any CPU
		{CFE51F02-F8D8-4318-BCE1-0A7D1468E674}.Debug|Any CPU.ActiveCfg = Debug|Any CPU
		{CFE51F02-F8D8-4318-BCE1-0A7D1468E674}.Debug|Any CPU.Build.0 = Debug|Any CPU
		{CFE51F02-F8D8-4318-BCE1-0A7D1468E674}.Release|Any CPU.ActiveCfg = Release|Any CPU
		{CFE51F02-F8D8-4318-BCE1-0A7D1468E674}.Release|Any CPU.Build.0 = Release|Any CPU
		{DCD7FC16-45D7-4D41-8224-A7CDAFDF5827}.Debug|Any CPU.ActiveCfg = Debug|Any CPU
		{DCD7FC16-45D7-4D41-8224-A7CDAFDF5827}.Debug|Any CPU.Build.0 = Debug|Any CPU
		{DCD7FC16-45D7-4D41-8224-A7CDAFDF5827}.Release|Any CPU.ActiveCfg = Release|Any CPU
		{DCD7FC16-45D7-4D41-8224-A7CDAFDF5827}.Release|Any CPU.Build.0 = Release|Any CPU
	EndGlobalSection
	GlobalSection(SolutionProperties) = preSolution
		HideSolutionNode = FALSE
	EndGlobalSection
	GlobalSection(ExtensibilityGlobals) = postSolution
		SolutionGuid = {59FC711E-F24A-4075-8F6D-D9397DF4F48B}
	EndGlobalSection
EndGlobal
